
Microsoft Visual Studio Solution File, Format Version 12.00
# Visual Studio Version 17
VisualStudioVersion = 17.4.33122.133
MinimumVisualStudioVersion = 10.0.40219.1
Project("{FAE04EC0-301F-11D3-BF4B-00C04F79EFBC}") = "BookLibrary", "BookLibrary\BookLibrary.csproj", "{841571A4-873C-484F-99F1-CFB17D192040}"
EndProject
Global
	GlobalSection(SolutionConfigurationPlatforms) = preSolution
		Debug|Any CPU = Debug|Any CPU
		Release|Any CPU = Release|Any CPU
	EndGlobalSection
	GlobalSection(ProjectConfigurationPlatforms) = postSolution
		{841571A4-873C-484F-99F1-CFB17D192040}.Debug|Any CPU.ActiveCfg = Debug|Any CPU
		{841571A4-873C-484F-99F1-CFB17D192040}.Debug|Any CPU.Build.0 = Debug|Any CPU
		{841571A4-873C-484F-99F1-CFB17D192040}.Release|Any CPU.ActiveCfg = Release|Any CPU
		{841571A4-873C-484F-99F1-CFB17D192040}.Release|Any CPU.Build.0 = Release|Any CPU
	EndGlobalSection
	GlobalSection(SolutionProperties) = preSolution
		HideSolutionNode = FALSE
	EndGlobalSection
	GlobalSection(ExtensibilityGlobals) = postSolution
		SolutionGuid = {52A418EF-8396-4446-937E-EAC1D1810343}
	EndGlobalSection
EndGlobal
